
Microsoft Visual Studio Solution File, Format Version 12.00
# Visual Studio Version 16
VisualStudioVersion = 16.0.30204.135
MinimumVisualStudioVersion = 10.0.40219.1
Project("{9A19103F-16F7-4668-BE54-9A1E7A4F7556}") = "AmusementPark.Data", "AmusementPark.Data\AmusementPark.Data.csproj", "{A56ADB04-DC30-49EF-A514-1678C2952652}"
EndProject
Project("{9A19103F-16F7-4668-BE54-9A1E7A4F7556}") = "AmusementPark.Api", "AmusementPark.Api\AmusementPark.Api.csproj", "{8466EA42-A212-4D18-9B3A-9896D67CC9F8}"
EndProject
Project("{9A19103F-16F7-4668-BE54-9A1E7A4F7556}") = "AmusementPark.WebApp", "AmusementPark.WebApp\AmusementPark.WebApp.csproj", "{A4E614E2-0409-4342-B526-3BC9C08A449E}"
EndProject
Global
	GlobalSection(SolutionConfigurationPlatforms) = preSolution
		Debug|Any CPU = Debug|Any CPU
		Release|Any CPU = Release|Any CPU
	EndGlobalSection
	GlobalSection(ProjectConfigurationPlatforms) = postSolution
		{A56ADB04-DC30-49EF-A514-1678C2952652}.Debug|Any CPU.ActiveCfg = Debug|Any CPU
		{A56ADB04-DC30-49EF-A514-1678C2952652}.Debug|Any CPU.Build.0 = Debug|Any CPU
		{A56ADB04-DC30-49EF-A514-1678C2952652}.Release|Any CPU.ActiveCfg = Release|Any CPU
		{A56ADB04-DC30-49EF-A514-1678C2952652}.Release|Any CPU.Build.0 = Release|Any CPU
		{8466EA42-A212-4D18-9B3A-9896D67CC9F8}.Debug|Any CPU.ActiveCfg = Debug|Any CPU
		{8466EA42-A212-4D18-9B3A-9896D67CC9F8}.Debug|Any CPU.Build.0 = Debug|Any CPU
		{8466EA42-A212-4D18-9B3A-9896D67CC9F8}.Release|Any CPU.ActiveCfg = Release|Any CPU
		{8466EA42-A212-4D18-9B3A-9896D67CC9F8}.Release|Any CPU.Build.0 = Release|Any CPU
		{A4E614E2-0409-4342-B526-3BC9C08A449E}.Debug|Any CPU.ActiveCfg = Debug|Any CPU
		{A4E614E2-0409-4342-B526-3BC9C08A449E}.Debug|Any CPU.Build.0 = Debug|Any CPU
		{A4E614E2-0409-4342-B526-3BC9C08A449E}.Release|Any CPU.ActiveCfg = Release|Any CPU
		{A4E614E2-0409-4342-B526-3BC9C08A449E}.Release|Any CPU.Build.0 = Release|Any CPU
	EndGlobalSection
	GlobalSection(SolutionProperties) = preSolution
		HideSolutionNode = FALSE
	EndGlobalSection
	GlobalSection(ExtensibilityGlobals) = postSolution
		SolutionGuid = {34E7FF21-196E-4F1C-9AF5-279E473021BA}
	EndGlobalSection
EndGlobal
